{
  "name": "uc",
  "version": "1.0.0",
  "lockfileVersion": 2,
  "requires": true,
  "packages": {
    "": {
      "version": "1.0.0",
      "license": "MIT",
      "dependencies": {
        "@types/blessed": "^0.1.17",
        "blessed": "^0.1.81"
      },
      "devDependencies": {
        "typescript": "^4.0.5"
      }
    },
    "node_modules/@types/blessed": {
      "version": "0.1.17",
      "resolved": "https://registry.npmjs.org/@types/blessed/-/blessed-0.1.17.tgz",
      "integrity": "sha512-BKvUtnrXksNdK0fOYV/9HJGkjCcAvOGMSCJsiHaBFyBeyqHwy2OHK32r5XNI+q0eXuAuGqtPOnDetHnbZoYqag==",
      "dependencies": {
        "@types/node": "*"
      }
    },
    "node_modules/@types/node": {
      "version": "14.14.7",
      "resolved": "https://registry.npmjs.org/@types/node/-/node-14.14.7.tgz",
      "integrity": "sha512-Zw1vhUSQZYw+7u5dAwNbIA9TuTotpzY/OF7sJM9FqPOF3SPjKnxrjoTktXDZgUjybf4cWVBP7O8wvKdSaGHweg=="
    },
    "node_modules/blessed": {
      "version": "0.1.81",
      "resolved": "https://registry.npmjs.org/blessed/-/blessed-0.1.81.tgz",
      "integrity": "sha1-+WLWh+wsNpVwrnGvhDJW5tDKESk=",
      "bin": {
        "blessed": "bin/tput.js"
      },
      "engines": {
        "node": ">= 0.8.0"
      }
    },
    "node_modules/typescript": {
      "version": "4.0.5",
      "resolved": "https://registry.npmjs.org/typescript/-/typescript-4.0.5.tgz",
      "integrity": "sha512-ywmr/VrTVCmNTJ6iV2LwIrfG1P+lv6luD8sUJs+2eI9NLGigaN+nUQc13iHqisq7bra9lnmUSYqbJvegraBOPQ==",
      "dev": true,
      "bin": {
        "tsc": "bin/tsc",
        "tsserver": "bin/tsserver"
      },
      "engines": {
        "node": ">=4.2.0"
      }
    }
  },
  "dependencies": {
    "@types/blessed": {
      "version": "0.1.17",
      "resolved": "https://registry.npmjs.org/@types/blessed/-/blessed-0.1.17.tgz",
      "integrity": "sha512-BKvUtnrXksNdK0fOYV/9HJGkjCcAvOGMSCJsiHaBFyBeyqHwy2OHK32r5XNI+q0eXuAuGqtPOnDetHnbZoYqag==",
      "requires": {
        "@types/node": "*"
      }
    },
    "@types/node": {
      "version": "14.14.7",
      "resolved": "https://registry.npmjs.org/@types/node/-/node-14.14.7.tgz",
      "integrity": "sha512-Zw1vhUSQZYw+7u5dAwNbIA9TuTotpzY/OF7sJM9FqPOF3SPjKnxrjoTktXDZgUjybf4cWVBP7O8wvKdSaGHweg=="
    },
    "blessed": {
      "version": "0.1.81",
      "resolved": "https://registry.npmjs.org/blessed/-/blessed-0.1.81.tgz",
      "integrity": "sha1-+WLWh+wsNpVwrnGvhDJW5tDKESk="
    },
    "typescript": {
      "version": "4.0.5",
      "resolved": "https://registry.npmjs.org/typescript/-/typescript-4.0.5.tgz",
      "integrity": "sha512-ywmr/VrTVCmNTJ6iV2LwIrfG1P+lv6luD8sUJs+2eI9NLGigaN+nUQc13iHqisq7bra9lnmUSYqbJvegraBOPQ==",
      "dev": true
    }
  }
}
